
Microsoft Visual Studio Solution File, Format Version 12.00
# Visual Studio Version 16
VisualStudioVersion = 16.0.29215.179
MinimumVisualStudioVersion = 10.0.40219.1
Project("{8BC9CEB8-8B4A-11D0-8D11-00A0C91BC942}") = "Ftn8", "Ftn8.vcxproj", "{F160E265-D066-4EF1-B831-D34DD7AEE54D}"
EndProject
Global
	GlobalSection(SolutionConfigurationPlatforms) = preSolution
		Debug|x64 = Debug|x64
		Debug|x86 = Debug|x86
		Release|x64 = Release|x64
		Release|x86 = Release|x86
	EndGlobalSection
	GlobalSection(ProjectConfigurationPlatforms) = postSolution
		{F160E265-D066-4EF1-B831-D34DD7AEE54D}.Debug|x64.ActiveCfg = Debug|x64
		{F160E265-D066-4EF1-B831-D34DD7AEE54D}.Debug|x64.Build.0 = Debug|x64
		{F160E265-D066-4EF1-B831-D34DD7AEE54D}.Debug|x86.ActiveCfg = Debug|Win32
		{F160E265-D066-4EF1-B831-D34DD7AEE54D}.Debug|x86.Build.0 = Debug|Win32
		{F160E265-D066-4EF1-B831-D34DD7AEE54D}.Release|x64.ActiveCfg = Release|x64
		{F160E265-D066-4EF1-B831-D34DD7AEE54D}.Release|x64.Build.0 = Release|x64
		{F160E265-D066-4EF1-B831-D34DD7AEE54D}.Release|x86.ActiveCfg = Release|Win32
		{F160E265-D066-4EF1-B831-D34DD7AEE54D}.Release|x86.Build.0 = Release|Win32
	EndGlobalSection
	GlobalSection(SolutionProperties) = preSolution
		HideSolutionNode = FALSE
	EndGlobalSection
	GlobalSection(ExtensibilityGlobals) = postSolution
		SolutionGuid = {AE504584-8D3A-4A6A-A934-29CDC12F982B}
	EndGlobalSection
EndGlobal
